Microsoft Visual Studio Solution File, Format Version 11.00
# Visual Studio 2008

Project("{C568A0D4-82D0-7A59-E8B9-4823DCD642AD}") = "VRDisco", "Assembly-CSharp.csproj", "{3C02AC32-8DFD-8961-B9C3-C86DA5E10F16}"
EndProject
Project("{C568A0D4-82D0-7A59-E8B9-4823DCD642AD}") = "VRDisco", "Assembly-CSharp-Editor.csproj", "{6518FDF4-9D39-5E3F-8173-07745EDFB5F1}"
EndProject
Global
	GlobalSection(SolutionConfigurationPlatforms) = preSolution
		Debug|Any CPU = Debug|Any CPU
		Release|Any CPU = Release|Any CPU
	EndGlobalSection
	GlobalSection(ProjectConfigurationPlatforms) = postSolution
		{3C02AC32-8DFD-8961-B9C3-C86DA5E10F16}.Debug|Any CPU.ActiveCfg = Debug|Any CPU
		{3C02AC32-8DFD-8961-B9C3-C86DA5E10F16}.Debug|Any CPU.Build.0 = Debug|Any CPU
		{3C02AC32-8DFD-8961-B9C3-C86DA5E10F16}.Release|Any CPU.ActiveCfg = Release|Any CPU
		{3C02AC32-8DFD-8961-B9C3-C86DA5E10F16}.Release|Any CPU.Build.0 = Release|Any CPU
		{6518FDF4-9D39-5E3F-8173-07745EDFB5F1}.Debug|Any CPU.ActiveCfg = Debug|Any CPU
		{6518FDF4-9D39-5E3F-8173-07745EDFB5F1}.Debug|Any CPU.Build.0 = Debug|Any CPU
		{6518FDF4-9D39-5E3F-8173-07745EDFB5F1}.Release|Any CPU.ActiveCfg = Release|Any CPU
		{6518FDF4-9D39-5E3F-8173-07745EDFB5F1}.Release|Any CPU.Build.0 = Release|Any CPU
	EndGlobalSection
	GlobalSection(SolutionProperties) = preSolution
		HideSolutionNode = FALSE
	EndGlobalSection
	GlobalSection(MonoDevelopProperties) = preSolution
		StartupItem = Assembly-CSharp.csproj
	EndGlobalSection
EndGlobal
